// !$*UTF8*$!
{
	archiveVersion = 1;
	classes = {
	};
	objectVersion = 56;
	objects = {

/* Begin PBXBuildFile section */
		2FD7827D299238E500AE5BD7 /* AppDelegate.swift in Sources */ = {isa = PBXBuildFile; fileRef = 2FD7827C299238E500AE5BD7 /* AppDelegate.swift */; };
		2FD7827F299238E500AE5BD7 /* SceneDelegate.swift in Sources */ = {isa = PBXBuildFile; fileRef = 2FD7827E299238E500AE5BD7 /* SceneDelegate.swift */; };
		2FD78281299238E500AE5BD7 /* ViewController.swift in Sources */ = {isa = PBXBuildFile; fileRef = 2FD78280299238E500AE5BD7 /* ViewController.swift */; };
		2FD78284299238E500AE5BD7 /* Main.storyboard in Resources */ = {isa = PBXBuildFile; fileRef = 2FD78282299238E500AE5BD7 /* Main.storyboard */; };
		2FD78286299238E600AE5BD7 /* Assets.xcassets in Resources */ = {isa = PBXBuildFile; fileRef = 2FD78285299238E600AE5BD7 /* Assets.xcassets */; };
		2FD78289299238E600AE5BD7 /* LaunchScreen.storyboard in Resources */ = {isa = PBXBuildFile; fileRef = 2FD78287299238E600AE5BD7 /* LaunchScreen.storyboard */; };
		2FD782922992391900AE5BD7 /* SwiftyJSON in Frameworks */ = {isa = PBXBuildFile; productRef = 2FD782912992391900AE5BD7 /* SwiftyJSON */; };
		2FD782952992392B00AE5BD7 /* RxCocoa in Frameworks */ = {isa = PBXBuildFile; productRef = 2FD782942992392B00AE5BD7 /* RxCocoa */; };
		2FD782972992392B00AE5BD7 /* RxSwift in Frameworks */ = {isa = PBXBuildFile; productRef = 2FD782962992392B00AE5BD7 /* RxSwift */; };
		2FD7829A2992393C00AE5BD7 /* SnapKit in Frameworks */ = {isa = PBXBuildFile; productRef = 2FD782992992393C00AE5BD7 /* SnapKit */; };
		2FF9624C299E555A0018C318 /* Int+.swift in Sources */ = {isa = PBXBuildFile; fileRef = 2FF9624B299E555A0018C318 /* Int+.swift */; };
		2FF96250299E56350018C318 /* Model.swift in Sources */ = {isa = PBXBuildFile; fileRef = 2FF9624F299E56340018C318 /* Model.swift */; };
		2FF96252299E56A80018C318 /* APIService.swift in Sources */ = {isa = PBXBuildFile; fileRef = 2FF96251299E56A80018C318 /* APIService.swift */; };
		2FF96255299E58400018C318 /* MenuViewController.swift in Sources */ = {isa = PBXBuildFile; fileRef = 2FF96254299E58400018C318 /* MenuViewController.swift */; };
		2FF96258299E58760018C318 /* OrderViewController.swift in Sources */ = {isa = PBXBuildFile; fileRef = 2FF96257299E58760018C318 /* OrderViewController.swift */; };
		2FF9625A299E59680018C318 /* MenuItemTableViewCell.swift in Sources */ = {isa = PBXBuildFile; fileRef = 2FF96259299E59680018C318 /* MenuItemTableViewCell.swift */; };
/* End PBXBuildFile section */

/* Begin PBXFileReference section */
		2FD78279299238E500AE5BD7 /* Explain.app */ = {isa = PBXFileReference; explicitFileType = wrapper.application; includeInIndex = 0; path = Explain.app; sourceTree = BUILT_PRODUCTS_DIR; };
		2FD7827C299238E500AE5BD7 /* AppDelegate.swift */ = {isa = PBXFileReference; lastKnownFileType = sourcecode.swift; path = AppDelegate.swift; sourceTree = "<group>"; };
		2FD7827E299238E500AE5BD7 /* SceneDelegate.swift */ = {isa = PBXFileReference; lastKnownFileType = sourcecode.swift; path = SceneDelegate.swift; sourceTree = "<group>"; };
		2FD78280299238E500AE5BD7 /* ViewController.swift */ = {isa = PBXFileReference; lastKnownFileType = sourcecode.swift; path = ViewController.swift; sourceTree = "<group>"; };
		2FD78283299238E500AE5BD7 /* Base */ = {isa = PBXFileReference; lastKnownFileType = file.storyboard; name = Base; path = Base.lproj/Main.storyboard; sourceTree = "<group>"; };
		2FD78285299238E600AE5BD7 /* Assets.xcassets */ = {isa = PBXFileReference; lastKnownFileType = folder.assetcatalog; path = Assets.xcassets; sourceTree = "<group>"; };
		2FD78288299238E600AE5BD7 /* Base */ = {isa = PBXFileReference; lastKnownFileType = file.storyboard; name = Base; path = Base.lproj/LaunchScreen.storyboard; sourceTree = "<group>"; };
		2FD7828A299238E600AE5BD7 /* Info.plist */ = {isa = PBXFileReference; lastKnownFileType = text.plist.xml; path = Info.plist; sourceTree = "<group>"; };
		2FF9624B299E555A0018C318 /* Int+.swift */ = {isa = PBXFileReference; lastKnownFileType = sourcecode.swift; path = "Int+.swift"; sourceTree = "<group>"; };
		2FF9624F299E56340018C318 /* Model.swift */ = {isa = PBXFileReference; lastKnownFileType = sourcecode.swift; path = Model.swift; sourceTree = "<group>"; };
		2FF96251299E56A80018C318 /* APIService.swift */ = {isa = PBXFileReference; lastKnownFileType = sourcecode.swift; path = APIService.swift; sourceTree = "<group>"; };
		2FF96254299E58400018C318 /* MenuViewController.swift */ = {isa = PBXFileReference; lastKnownFileType = sourcecode.swift; path = MenuViewController.swift; sourceTree = "<group>"; };
		2FF96257299E58760018C318 /* OrderViewController.swift */ = {isa = PBXFileReference; lastKnownFileType = sourcecode.swift; path = OrderViewController.swift; sourceTree = "<group>"; };
		2FF96259299E59680018C318 /* MenuItemTableViewCell.swift */ = {isa = PBXFileReference; lastKnownFileType = sourcecode.swift; path = MenuItemTableViewCell.swift; sourceTree = "<group>"; };
/* End PBXFileReference section */

/* Begin PBXFrameworksBuildPhase section */
		2FD78276299238E500AE5BD7 /* Frameworks */ = {
			isa = PBXFrameworksBuildPhase;
			buildActionMask = 2147483647;
			files = (
				2FD782972992392B00AE5BD7 /* RxSwift in Frameworks */,
				2FD7829A2992393C00AE5BD7 /* SnapKit in Frameworks */,
				2FD782952992392B00AE5BD7 /* RxCocoa in Frameworks */,
				2FD782922992391900AE5BD7 /* SwiftyJSON in Frameworks */,
			);
			runOnlyForDeploymentPostprocessing = 0;
		};
/* End PBXFrameworksBuildPhase section */

/* Begin PBXGroup section */
		2FD78270299238E500AE5BD7 = {
			isa = PBXGroup;
			children = (
				2FD7827B299238E500AE5BD7 /* Explain */,
				2FD7827A299238E500AE5BD7 /* Products */,
			);
			sourceTree = "<group>";
		};
		2FD7827A299238E500AE5BD7 /* Products */ = {
			isa = PBXGroup;
			children = (
				2FD78279299238E500AE5BD7 /* Explain.app */,
			);
			name = Products;
			sourceTree = "<group>";
		};
		2FD7827B299238E500AE5BD7 /* Explain */ = {
			isa = PBXGroup;
			children = (
				2FF96249299E553B0018C318 /* Pages */,
				2FF96248299E552E0018C318 /* Domain */,
				2FF96247299E55220018C318 /* Utils */,
				2FD7827C299238E500AE5BD7 /* AppDelegate.swift */,
				2FD7827E299238E500AE5BD7 /* SceneDelegate.swift */,
				2FD78280299238E500AE5BD7 /* ViewController.swift */,
				2FD78282299238E500AE5BD7 /* Main.storyboard */,
				2FD78285299238E600AE5BD7 /* Assets.xcassets */,
				2FD78287299238E600AE5BD7 /* LaunchScreen.storyboard */,
				2FD7828A299238E600AE5BD7 /* Info.plist */,
			);
			path = Explain;
			sourceTree = "<group>";
		};
		2FF96247299E55220018C318 /* Utils */ = {
			isa = PBXGroup;
			children = (
				2FF9624A299E55450018C318 /* Extension */,
			);
			path = Utils;
			sourceTree = "<group>";
		};
		2FF96248299E552E0018C318 /* Domain */ = {
			isa = PBXGroup;
			children = (
				2FF9624E299E561B0018C318 /* Model */,
				2FF9624D299E56130018C318 /* Service */,
			);
			path = Domain;
			sourceTree = "<group>";
		};
		2FF96249299E553B0018C318 /* Pages */ = {
			isa = PBXGroup;
			children = (
				2FF96256299E58670018C318 /* Order */,
				2FF96253299E582C0018C318 /* Menu */,
				2FF96259299E59680018C318 /* MenuItemTableViewCell.swift */,
			);
			path = Pages;
			sourceTree = "<group>";
		};
		2FF9624A299E55450018C318 /* Extension */ = {
			isa = PBXGroup;
			children = (
				2FF9624B299E555A0018C318 /* Int+.swift */,
			);
			path = Extension;
			sourceTree = "<group>";
		};
		2FF9624D299E56130018C318 /* Service */ = {
			isa = PBXGroup;
			children = (
				2FF96251299E56A80018C318 /* APIService.swift */,
			);
			path = Service;
			sourceTree = "<group>";
		};
		2FF9624E299E561B0018C318 /* Model */ = {
			isa = PBXGroup;
			children = (
				2FF9624F299E56340018C318 /* Model.swift */,
			);
			path = Model;
			sourceTree = "<group>";
		};
		2FF96253299E582C0018C318 /* Menu */ = {
			isa = PBXGroup;
			children = (
				2FF96254299E58400018C318 /* MenuViewController.swift */,
			);
			path = Menu;
			sourceTree = "<group>";
		};
		2FF96256299E58670018C318 /* Order */ = {
			isa = PBXGroup;
			children = (
				2FF96257299E58760018C318 /* OrderViewController.swift */,
			);
			path = Order;
			sourceTree = "<group>";
		};
/* End PBXGroup section */

/* Begin PBXNativeTarget section */
		2FD78278299238E500AE5BD7 /* Explain */ = {
			isa = PBXNativeTarget;
			buildConfigurationList = 2FD7828D299238E600AE5BD7 /* Build configuration list for PBXNativeTarget "Explain" */;
			buildPhases = (
				2FD78275299238E500AE5BD7 /* Sources */,
				2FD78276299238E500AE5BD7 /* Frameworks */,
				2FD78277299238E500AE5BD7 /* Resources */,
			);
			buildRules = (
			);
			dependencies = (
			);
			name = Explain;
			packageProductDependencies = (
				2FD782912992391900AE5BD7 /* SwiftyJSON */,
				2FD782942992392B00AE5BD7 /* RxCocoa */,
				2FD782962992392B00AE5BD7 /* RxSwift */,
				2FD782992992393C00AE5BD7 /* SnapKit */,
			);
			productName = Explain;
			productReference = 2FD78279299238E500AE5BD7 /* Explain.app */;
			productType = "com.apple.product-type.application";
		};
/* End PBXNativeTarget section */

/* Begin PBXProject section */
		2FD78271299238E500AE5BD7 /* Project object */ = {
			isa = PBXProject;
			attributes = {
				BuildIndependentTargetsInParallel = 1;
				LastSwiftUpdateCheck = 1400;
				LastUpgradeCheck = 1400;
				TargetAttributes = {
					2FD78278299238E500AE5BD7 = {
						CreatedOnToolsVersion = 14.0;
					};
				};
			};
			buildConfigurationList = 2FD78274299238E500AE5BD7 /* Build configuration list for PBXProject "Explain" */;
			compatibilityVersion = "Xcode 14.0";
			developmentRegion = en;
			hasScannedForEncodings = 0;
			knownRegions = (
				en,
				Base,
			);
			mainGroup = 2FD78270299238E500AE5BD7;
			packageReferences = (
				2FD782902992391900AE5BD7 /* XCRemoteSwiftPackageReference "SwiftyJSON" */,
				2FD782932992392B00AE5BD7 /* XCRemoteSwiftPackageReference "RxSwift" */,
				2FD782982992393C00AE5BD7 /* XCRemoteSwiftPackageReference "SnapKit" */,
			);
			productRefGroup = 2FD7827A299238E500AE5BD7 /* Products */;
			projectDirPath = "";
			projectRoot = "";
			targets = (
				2FD78278299238E500AE5BD7 /* Explain */,
			);
		};
/* End PBXProject section */

/* Begin PBXResourcesBuildPhase section */
		2FD78277299238E500AE5BD7 /* Resources */ = {
			isa = PBXResourcesBuildPhase;
			buildActionMask = 2147483647;
			files = (
				2FD78289299238E600AE5BD7 /* LaunchScreen.storyboard in Resources */,
				2FD78286299238E600AE5BD7 /* Assets.xcassets in Resources */,
				2FD78284299238E500AE5BD7 /* Main.storyboard in Resources */,
			);
			runOnlyForDeploymentPostprocessing = 0;
		};
/* End PBXResourcesBuildPhase section */

/* Begin PBXSourcesBuildPhase section */
		2FD78275299238E500AE5BD7 /* Sources */ = {
			isa = PBXSourcesBuildPhase;
			buildActionMask = 2147483647;
			files = (
				2FF96250299E56350018C318 /* Model.swift in Sources */,
				2FD78281299238E500AE5BD7 /* ViewController.swift in Sources */,
				2FD7827D299238E500AE5BD7 /* AppDelegate.swift in Sources */,
				2FF9625A299E59680018C318 /* MenuItemTableViewCell.swift in Sources */,
				2FF96255299E58400018C318 /* MenuViewController.swift in Sources */,
				2FF9624C299E555A0018C318 /* Int+.swift in Sources */,
				2FF96252299E56A80018C318 /* APIService.swift in Sources */,
				2FD7827F299238E500AE5BD7 /* SceneDelegate.swift in Sources */,
				2FF96258299E58760018C318 /* OrderViewController.swift in Sources */,
			);
			runOnlyForDeploymentPostprocessing = 0;
		};
/* End PBXSourcesBuildPhase section */

/* Begin PBXVariantGroup section */
		2FD78282299238E500AE5BD7 /* Main.storyboard */ = {
			isa = PBXVariantGroup;
			children = (
				2FD78283299238E500AE5BD7 /* Base */,
			);
			name = Main.storyboard;
			sourceTree = "<group>";
		};
		2FD78287299238E600AE5BD7 /* LaunchScreen.storyboard */ = {
			isa = PBXVariantGroup;
			children = (
				2FD78288299238E600AE5BD7 /* Base */,
			);
			name = LaunchScreen.storyboard;
			sourceTree = "<group>";
		};
/* End PBXVariantGroup section */

/* Begin XCBuildConfiguration section */
		2FD7828B299238E600AE5BD7 /* Debug */ = {
			isa = XCBuildConfiguration;
			buildSettings = {
				ALWAYS_SEARCH_USER_PATHS = NO;
				CLANG_ANALYZER_NONNULL = YES;
				CLANG_ANALYZER_NUMBER_OBJECT_CONVERSION = YES_AGGRESSIVE;
				CLANG_CXX_LANGUAGE_STANDARD = "gnu++20";
				CLANG_ENABLE_MODULES = YES;
				CLANG_ENABLE_OBJC_ARC = YES;
				CLANG_ENABLE_OBJC_WEAK = YES;
				CLANG_WARN_BLOCK_CAPTURE_AUTORELEASING = YES;
				CLANG_WARN_BOOL_CONVERSION = YES;
				CLANG_WARN_COMMA = YES;
				CLANG_WARN_CONSTANT_CONVERSION = YES;
				CLANG_WARN_DEPRECATED_OBJC_IMPLEMENTATIONS = YES;
				CLANG_WARN_DIRECT_OBJC_ISA_USAGE = YES_ERROR;
				CLANG_WARN_DOCUMENTATION_COMMENTS = YES;
				CLANG_WARN_EMPTY_BODY = YES;
				CLANG_WARN_ENUM_CONVERSION = YES;
				CLANG_WARN_INFINITE_RECURSION = YES;
				CLANG_WARN_INT_CONVERSION = YES;
				CLANG_WARN_NON_LITERAL_NULL_CONVERSION = YES;
				CLANG_WARN_OBJC_IMPLICIT_RETAIN_SELF = YES;
				CLANG_WARN_OBJC_LITERAL_CONVERSION = YES;
				CLANG_WARN_OBJC_ROOT_CLASS = YES_ERROR;
				CLANG_WARN_QUOTED_INCLUDE_IN_FRAMEWORK_HEADER = YES;
				CLANG_WARN_RANGE_LOOP_ANALYSIS = YES;
				CLANG_WARN_STRICT_PROTOTYPES = YES;
				CLANG_WARN_SUSPICIOUS_MOVE = YES;
				CLANG_WARN_UNGUARDED_AVAILABILITY = YES_AGGRESSIVE;
				CLANG_WARN_UNREACHABLE_CODE = YES;
				CLANG_WARN__DUPLICATE_METHOD_MATCH = YES;
				COPY_PHASE_STRIP = NO;
				DEBUG_INFORMATION_FORMAT = dwarf;
				ENABLE_STRICT_OBJC_MSGSEND = YES;
				ENABLE_TESTABILITY = YES;
				GCC_C_LANGUAGE_STANDARD = gnu11;
				GCC_DYNAMIC_NO_PIC = NO;
				GCC_NO_COMMON_BLOCKS = YES;
				GCC_OPTIMIZATION_LEVEL = 0;
				GCC_PREPROCESSOR_DEFINITIONS = (
					"DEBUG=1",
					"$(inherited)",
				);
				GCC_WARN_64_TO_32_BIT_CONVERSION = YES;
				GCC_WARN_ABOUT_RETURN_TYPE = YES_ERROR;
				GCC_WARN_UNDECLARED_SELECTOR = YES;
				GCC_WARN_UNINITIALIZED_AUTOS = YES_AGGRESSIVE;
				GCC_WARN_UNUSED_FUNCTION = YES;
				GCC_WARN_UNUSED_VARIABLE = YES;
				IPHONEOS_DEPLOYMENT_TARGET = 16.0;
				MTL_ENABLE_DEBUG_INFO = INCLUDE_SOURCE;
				MTL_FAST_MATH = YES;
				ONLY_ACTIVE_ARCH = YES;
				SDKROOT = iphoneos;
				SWIFT_ACTIVE_COMPILATION_CONDITIONS = DEBUG;
				SWIFT_OPTIMIZATION_LEVEL = "-Onone";
			};
			name = Debug;
		};
		2FD7828C299238E600AE5BD7 /* Release */ = {
			isa = XCBuildConfiguration;
			buildSettings = {
				ALWAYS_SEARCH_USER_PATHS = NO;
				CLANG_ANALYZER_NONNULL = YES;
				CLANG_ANALYZER_NUMBER_OBJECT_CONVERSION = YES_AGGRESSIVE;
				CLANG_CXX_LANGUAGE_STANDARD = "gnu++20";
				CLANG_ENABLE_MODULES = YES;
				CLANG_ENABLE_OBJC_ARC = YES;
				CLANG_ENABLE_OBJC_WEAK = YES;
				CLANG_WARN_BLOCK_CAPTURE_AUTORELEASING = YES;
				CLANG_WARN_BOOL_CONVERSION = YES;
				CLANG_WARN_COMMA = YES;
				CLANG_WARN_CONSTANT_CONVERSION = YES;
				CLANG_WARN_DEPRECATED_OBJC_IMPLEMENTATIONS = YES;
				CLANG_WARN_DIRECT_OBJC_ISA_USAGE = YES_ERROR;
				CLANG_WARN_DOCUMENTATION_COMMENTS = YES;
				CLANG_WARN_EMPTY_BODY = YES;
				CLANG_WARN_ENUM_CONVERSION = YES;
				CLANG_WARN_INFINITE_RECURSION = YES;
				CLANG_WARN_INT_CONVERSION = YES;
				CLANG_WARN_NON_LITERAL_NULL_CONVERSION = YES;
				CLANG_WARN_OBJC_IMPLICIT_RETAIN_SELF = YES;
				CLANG_WARN_OBJC_LITERAL_CONVERSION = YES;
				CLANG_WARN_OBJC_ROOT_CLASS = YES_ERROR;
				CLANG_WARN_QUOTED_INCLUDE_IN_FRAMEWORK_HEADER = YES;
				CLANG_WARN_RANGE_LOOP_ANALYSIS = YES;
				CLANG_WARN_STRICT_PROTOTYPES = YES;
				CLANG_WARN_SUSPICIOUS_MOVE = YES;
				CLANG_WARN_UNGUARDED_AVAILABILITY = YES_AGGRESSIVE;
				CLANG_WARN_UNREACHABLE_CODE = YES;
				CLANG_WARN__DUPLICATE_METHOD_MATCH = YES;
				COPY_PHASE_STRIP = NO;
				DEBUG_INFORMATION_FORMAT = "dwarf-with-dsym";
				ENABLE_NS_ASSERTIONS = NO;
				ENABLE_STRICT_OBJC_MSGSEND = YES;
				GCC_C_LANGUAGE_STANDARD = gnu11;
				GCC_NO_COMMON_BLOCKS = YES;
				GCC_WARN_64_TO_32_BIT_CONVERSION = YES;
				GCC_WARN_ABOUT_RETURN_TYPE = YES_ERROR;
				GCC_WARN_UNDECLARED_SELECTOR = YES;
				GCC_WARN_UNINITIALIZED_AUTOS = YES_AGGRESSIVE;
				GCC_WARN_UNUSED_FUNCTION = YES;
				GCC_WARN_UNUSED_VARIABLE = YES;
				IPHONEOS_DEPLOYMENT_TARGET = 16.0;
				MTL_ENABLE_DEBUG_INFO = NO;
				MTL_FAST_MATH = YES;
				SDKROOT = iphoneos;
				SWIFT_COMPILATION_MODE = wholemodule;
				SWIFT_OPTIMIZATION_LEVEL = "-O";
				VALIDATE_PRODUCT = YES;
			};
			name = Release;
		};
		2FD7828E299238E600AE5BD7 /* Debug */ = {
			isa = XCBuildConfiguration;
			buildSettings = {
				ASSETCATALOG_COMPILER_APPICON_NAME = AppIcon;
				ASSETCATALOG_COMPILER_GLOBAL_ACCENT_COLOR_NAME = AccentColor;
				CODE_SIGN_STYLE = Automatic;
				CURRENT_PROJECT_VERSION = 1;
				DEVELOPMENT_TEAM = LL4R66V6Y3;
				GENERATE_INFOPLIST_FILE = YES;
				INFOPLIST_FILE = Explain/Info.plist;
				INFOPLIST_KEY_UIApplicationSupportsIndirectInputEvents = YES;
				INFOPLIST_KEY_UILaunchStoryboardName = LaunchScreen;
				INFOPLIST_KEY_UIMainStoryboardFile = Main;
				INFOPLIST_KEY_UISupportedInterfaceOrientations_iPad = "UIInterfaceOrientationPortrait UIInterfaceOrientationPortraitUpsideDown UIInterfaceOrientationLandscapeLeft UIInterfaceOrientationLandscapeRight";
				INFOPLIST_KEY_UISupportedInterfaceOrientations_iPhone = "UIInterfaceOrientationPortrait UIInterfaceOrientationLandscapeLeft UIInterfaceOrientationLandscapeRight";
				LD_RUNPATH_SEARCH_PATHS = (
					"$(inherited)",
					"@executable_path/Frameworks",
				);
				MARKETING_VERSION = 1.0;
				PRODUCT_BUNDLE_IDENTIFIER = cody.Explain;
				PRODUCT_NAME = "$(TARGET_NAME)";
				SWIFT_EMIT_LOC_STRINGS = YES;
				SWIFT_VERSION = 5.0;
				TARGETED_DEVICE_FAMILY = "1,2";
			};
			name = Debug;
		};
		2FD7828F299238E600AE5BD7 /* Release */ = {
			isa = XCBuildConfiguration;
			buildSettings = {
				ASSETCATALOG_COMPILER_APPICON_NAME = AppIcon;
				ASSETCATALOG_COMPILER_GLOBAL_ACCENT_COLOR_NAME = AccentColor;
				CODE_SIGN_STYLE = Automatic;
				CURRENT_PROJECT_VERSION = 1;
				DEVELOPMENT_TEAM = LL4R66V6Y3;
				GENERATE_INFOPLIST_FILE = YES;
				INFOPLIST_FILE = Explain/Info.plist;
				INFOPLIST_KEY_UIApplicationSupportsIndirectInputEvents = YES;
				INFOPLIST_KEY_UILaunchStoryboardName = LaunchScreen;
				INFOPLIST_KEY_UIMainStoryboardFile = Main;
				INFOPLIST_KEY_UISupportedInterfaceOrientations_iPad = "UIInterfaceOrientationPortrait UIInterfaceOrientationPortraitUpsideDown UIInterfaceOrientationLandscapeLeft UIInterfaceOrientationLandscapeRight";
				INFOPLIST_KEY_UISupportedInterfaceOrientations_iPhone = "UIInterfaceOrientationPortrait UIInterfaceOrientationLandscapeLeft UIInterfaceOrientationLandscapeRight";
				LD_RUNPATH_SEARCH_PATHS = (
					"$(inherited)",
					"@executable_path/Frameworks",
				);
				MARKETING_VERSION = 1.0;
				PRODUCT_BUNDLE_IDENTIFIER = cody.Explain;
				PRODUCT_NAME = "$(TARGET_NAME)";
				SWIFT_EMIT_LOC_STRINGS = YES;
				SWIFT_VERSION = 5.0;
				TARGETED_DEVICE_FAMILY = "1,2";
			};
			name = Release;
		};
/* End XCBuildConfiguration section */

/* Begin XCConfigurationList section */
		2FD78274299238E500AE5BD7 /* Build configuration list for PBXProject "Explain" */ = {
			isa = XCConfigurationList;
			buildConfigurations = (
				2FD7828B299238E600AE5BD7 /* Debug */,
				2FD7828C299238E600AE5BD7 /* Release */,
			);
			defaultConfigurationIsVisible = 0;
			defaultConfigurationName = Release;
		};
		2FD7828D299238E600AE5BD7 /* Build configuration list for PBXNativeTarget "Explain" */ = {
			isa = XCConfigurationList;
			buildConfigurations = (
				2FD7828E299238E600AE5BD7 /* Debug */,
				2FD7828F299238E600AE5BD7 /* Release */,
			);
			defaultConfigurationIsVisible = 0;
			defaultConfigurationName = Release;
		};
/* End XCConfigurationList section */

/* Begin XCRemoteSwiftPackageReference section */
		2FD782902992391900AE5BD7 /* XCRemoteSwiftPackageReference "SwiftyJSON" */ = {
			isa = XCRemoteSwiftPackageReference;
			repositoryURL = "https://github.com/SwiftyJSON/SwiftyJSON.git";
			requirement = {
				kind = upToNextMinorVersion;
				minimumVersion = 5.0.0;
			};
		};
		2FD782932992392B00AE5BD7 /* XCRemoteSwiftPackageReference "RxSwift" */ = {
			isa = XCRemoteSwiftPackageReference;
			repositoryURL = "https://github.com/ReactiveX/RxSwift.git";
			requirement = {
				kind = upToNextMinorVersion;
				minimumVersion = 6.5.0;
			};
		};
		2FD782982992393C00AE5BD7 /* XCRemoteSwiftPackageReference "SnapKit" */ = {
			isa = XCRemoteSwiftPackageReference;
			repositoryURL = "https://github.com/SnapKit/SnapKit.git";
			requirement = {
				kind = upToNextMajorVersion;
				minimumVersion = 5.0.0;
			};
		};
/* End XCRemoteSwiftPackageReference section */

/* Begin XCSwiftPackageProductDependency section */
		2FD782912992391900AE5BD7 /* SwiftyJSON */ = {
			isa = XCSwiftPackageProductDependency;
			package = 2FD782902992391900AE5BD7 /* XCRemoteSwiftPackageReference "SwiftyJSON" */;
			productName = SwiftyJSON;
		};
		2FD782942992392B00AE5BD7 /* RxCocoa */ = {
			isa = XCSwiftPackageProductDependency;
			package = 2FD782932992392B00AE5BD7 /* XCRemoteSwiftPackageReference "RxSwift" */;
			productName = RxCocoa;
		};
		2FD782962992392B00AE5BD7 /* RxSwift */ = {
			isa = XCSwiftPackageProductDependency;
			package = 2FD782932992392B00AE5BD7 /* XCRemoteSwiftPackageReference "RxSwift" */;
			productName = RxSwift;
		};
		2FD782992992393C00AE5BD7 /* SnapKit */ = {
			isa = XCSwiftPackageProductDependency;
			package = 2FD782982992393C00AE5BD7 /* XCRemoteSwiftPackageReference "SnapKit" */;
			productName = SnapKit;
		};
/* End XCSwiftPackageProductDependency section */
	};
	rootObject = 2FD78271299238E500AE5BD7 /* Project object */;
}
